// !$*UTF8*$!
{
	archiveVersion = 1;
	classes = {
	};
	objectVersion = 46;
	objects = {

/* Begin PBXBuildFile section */
		4E6997151D76DEFE0073C4CB /* UIColor+AppColors.swift in Sources */ = {isa = PBXBuildFile; fileRef = 4E6997141D76DEFE0073C4CB /* UIColor+AppColors.swift */; };
		4E6997171D785C960073C4CB /* UITableViewCell+Identifier.swift in Sources */ = {isa = PBXBuildFile; fileRef = 4E6997161D785C960073C4CB /* UITableViewCell+Identifier.swift */; };
		54054FA81D060A8000DDCE31 /* SettingsAboutViewController.swift in Sources */ = {isa = PBXBuildFile; fileRef = 54054FA71D060A8000DDCE31 /* SettingsAboutViewController.swift */; };
		54054FAA1D0722CE00DDCE31 /* NewCardsPerDeckViewController.swift in Sources */ = {isa = PBXBuildFile; fileRef = 54054FA91D0722CE00DDCE31 /* NewCardsPerDeckViewController.swift */; };
		5420A7311C84B6F600E44523 /* AppDelegate.swift in Sources */ = {isa = PBXBuildFile; fileRef = 5420A7301C84B6F600E44523 /* AppDelegate.swift */; };
		5420A7381C84B6F600E44523 /* Assets.xcassets in Resources */ = {isa = PBXBuildFile; fileRef = 5420A7371C84B6F600E44523 /* Assets.xcassets */; };
		5429A09B1C95B3FD00A832D6 /* SettingsViewController.swift in Sources */ = {isa = PBXBuildFile; fileRef = 5429A09A1C95B3FD00A832D6 /* SettingsViewController.swift */; };
		5431631B1C95F6D5004D9D18 /* DecksViewController.swift in Sources */ = {isa = PBXBuildFile; fileRef = 5431631A1C95F6D5004D9D18 /* DecksViewController.swift */; };
		5432AFDB1D6C46B7007600E0 /* Main.storyboard in Resources */ = {isa = PBXBuildFile; fileRef = 5432AFDD1D6C46B7007600E0 /* Main.storyboard */; };
		546BC9FB1C8A2FB900B2C1AE /* LearnViewController.swift in Sources */ = {isa = PBXBuildFile; fileRef = 546BC9FA1C8A2FB900B2C1AE /* LearnViewController.swift */; };
		547DA1D61C9717FD00E68B12 /* AddDeckViewController.swift in Sources */ = {isa = PBXBuildFile; fileRef = 547DA1D51C9717FD00E68B12 /* AddDeckViewController.swift */; };
		547DA1D81C9719C700E68B12 /* AddCardsDeckViewController.swift in Sources */ = {isa = PBXBuildFile; fileRef = 547DA1D71C9719C700E68B12 /* AddCardsDeckViewController.swift */; };
		547DA20E1C974D7200E68B12 /* CardsInDeckViewController.swift in Sources */ = {isa = PBXBuildFile; fileRef = 547DA20D1C974D7200E68B12 /* CardsInDeckViewController.swift */; };
		54A473EE1CB7819A00A90429 /* StatisticsViewController.swift in Sources */ = {isa = PBXBuildFile; fileRef = 54A473ED1CB7819A00A90429 /* StatisticsViewController.swift */; };
		54A473F01CB7822400A90429 /* ChartView.swift in Sources */ = {isa = PBXBuildFile; fileRef = 54A473EF1CB7822400A90429 /* ChartView.swift */; };
		54A473F21CB78EB100A90429 /* StatisticsDeckViewContoller.swift in Sources */ = {isa = PBXBuildFile; fileRef = 54A473F11CB78EB100A90429 /* StatisticsDeckViewContoller.swift */; };
		54A6F74A1CA4018F00D3629B /* TabBarController.swift in Sources */ = {isa = PBXBuildFile; fileRef = 54A6F7491CA4018F00D3629B /* TabBarController.swift */; };
		54B277AC1CA982FC0028725E /* addButton128@2x.png in Resources */ = {isa = PBXBuildFile; fileRef = 54B277AB1CA982FC0028725E /* addButton128@2x.png */; };
		54B277AE1CA9A8510028725E /* addButton128Dark@2x.png in Resources */ = {isa = PBXBuildFile; fileRef = 54B277AD1CA9A8510028725E /* addButton128Dark@2x.png */; };
		54D1A13F1D6DA4E300C46F29 /* GlobalVariables.swift in Sources */ = {isa = PBXBuildFile; fileRef = 54D1A13E1D6DA4E300C46F29 /* GlobalVariables.swift */; };
		54D1A1471D6DA53000C46F29 /* CardsNumberCell.swift in Sources */ = {isa = PBXBuildFile; fileRef = 54D1A1411D6DA53000C46F29 /* CardsNumberCell.swift */; };
		54D1A1481D6DA53000C46F29 /* ChartViewCell.swift in Sources */ = {isa = PBXBuildFile; fileRef = 54D1A1421D6DA53000C46F29 /* ChartViewCell.swift */; };
		54D1A1491D6DA53000C46F29 /* EnterCardCell.swift in Sources */ = {isa = PBXBuildFile; fileRef = 54D1A1431D6DA53000C46F29 /* EnterCardCell.swift */; };
		54D1A14A1D6DA53000C46F29 /* SliderCell.swift in Sources */ = {isa = PBXBuildFile; fileRef = 54D1A1441D6DA53000C46F29 /* SliderCell.swift */; };
		54D1A14B1D6DA53000C46F29 /* SwitchCell.swift in Sources */ = {isa = PBXBuildFile; fileRef = 54D1A1451D6DA53000C46F29 /* SwitchCell.swift */; };
		54D1A14C1D6DA53000C46F29 /* TodayCell.swift in Sources */ = {isa = PBXBuildFile; fileRef = 54D1A1461D6DA53000C46F29 /* TodayCell.swift */; };
		54D1A1521D6DA55100C46F29 /* Card.swift in Sources */ = {isa = PBXBuildFile; fileRef = 54D1A14E1D6DA55100C46F29 /* Card.swift */; };
		54D1A1531D6DA55100C46F29 /* Deck.swift in Sources */ = {isa = PBXBuildFile; fileRef = 54D1A14F1D6DA55100C46F29 /* Deck.swift */; };
		54D1A1541D6DA55100C46F29 /* DeckHistory.swift in Sources */ = {isa = PBXBuildFile; fileRef = 54D1A1501D6DA55100C46F29 /* DeckHistory.swift */; };
		54D1A1551D6DA55100C46F29 /* DeckStore.swift in Sources */ = {isa = PBXBuildFile; fileRef = 54D1A1511D6DA55100C46F29 /* DeckStore.swift */; };
		54D1A1581D6DA56A00C46F29 /* BeforeLearningViewController.swift in Sources */ = {isa = PBXBuildFile; fileRef = 54D1A1561D6DA56A00C46F29 /* BeforeLearningViewController.swift */; };
		54D1A1591D6DA56A00C46F29 /* TodayTableViewController.swift in Sources */ = {isa = PBXBuildFile; fileRef = 54D1A1571D6DA56A00C46F29 /* TodayTableViewController.swift */; };
		54D1A1671D6DA59000C46F29 /* tabBarIconDecks@2x.png in Resources */ = {isa = PBXBuildFile; fileRef = 54D1A15B1D6DA59000C46F29 /* tabBarIconDecks@2x.png */; };
		54D1A1681D6DA59000C46F29 /* tabBarIconDecks@3x.png in Resources */ = {isa = PBXBuildFile; fileRef = 54D1A15C1D6DA59000C46F29 /* tabBarIconDecks@3x.png */; };
		54D1A1691D6DA59000C46F29 /* tabBarIconDecksFilled@2x.png in Resources */ = {isa = PBXBuildFile; fileRef = 54D1A15D1D6DA59000C46F29 /* tabBarIconDecksFilled@2x.png */; };
		54D1A16A1D6DA59000C46F29 /* tabBarIconDecksFilled@3x.png in Resources */ = {isa = PBXBuildFile; fileRef = 54D1A15E1D6DA59000C46F29 /* tabBarIconDecksFilled@3x.png */; };
		54D1A16B1D6DA59000C46F29 /* tabBarIconSettings@2x.png in Resources */ = {isa = PBXBuildFile; fileRef = 54D1A15F1D6DA59000C46F29 /* tabBarIconSettings@2x.png */; };
		54D1A16C1D6DA59000C46F29 /* tabBarIconSettings@3x.png in Resources */ = {isa = PBXBuildFile; fileRef = 54D1A1601D6DA59000C46F29 /* tabBarIconSettings@3x.png */; };
		54D1A16D1D6DA59000C46F29 /* tabBarIconSettingsFilled@2x.png in Resources */ = {isa = PBXBuildFile; fileRef = 54D1A1611D6DA59000C46F29 /* tabBarIconSettingsFilled@2x.png */; };
		54D1A16E1D6DA59000C46F29 /* tabBarIconSettingsFilled@3x.png in Resources */ = {isa = PBXBuildFile; fileRef = 54D1A1621D6DA59000C46F29 /* tabBarIconSettingsFilled@3x.png */; };
		54D1A16F1D6DA59000C46F29 /* tabBarIconToday@2x.png in Resources */ = {isa = PBXBuildFile; fileRef = 54D1A1631D6DA59000C46F29 /* tabBarIconToday@2x.png */; };
		54D1A1701D6DA59000C46F29 /* tabBarIconToday@3x.png in Resources */ = {isa = PBXBuildFile; fileRef = 54D1A1641D6DA59000C46F29 /* tabBarIconToday@3x.png */; };
		54D1A1711D6DA59000C46F29 /* tabBarIconTodayFilled@2x.png in Resources */ = {isa = PBXBuildFile; fileRef = 54D1A1651D6DA59000C46F29 /* tabBarIconTodayFilled@2x.png */; };
		54D1A1721D6DA59000C46F29 /* tabBarIconTodayFilled@3x.png in Resources */ = {isa = PBXBuildFile; fileRef = 54D1A1661D6DA59000C46F29 /* tabBarIconTodayFilled@3x.png */; };
		54ED89671D1FEB6200E6CA10 /* Extensions.swift in Sources */ = {isa = PBXBuildFile; fileRef = 54ED89661D1FEB6200E6CA10 /* Extensions.swift */; };
		54F9DE5B1CDA3740005EBB3A /* ChangeDeckViewController.swift in Sources */ = {isa = PBXBuildFile; fileRef = 54F9DE5A1CDA3740005EBB3A /* ChangeDeckViewController.swift */; };
		54F9DE5D1CDA6B19005EBB3A /* ChangeCardViewController.swift in Sources */ = {isa = PBXBuildFile; fileRef = 54F9DE5C1CDA6B19005EBB3A /* ChangeCardViewController.swift */; };
/* End PBXBuildFile section */

/* Begin PBXFileReference section */
		4E6997141D76DEFE0073C4CB /* UIColor+AppColors.swift */ = {isa = PBXFileReference; fileEncoding = 4; lastKnownFileType = sourcecode.swift; name = "UIColor+AppColors.swift"; path = "Extensions/UIColor+AppColors.swift"; sourceTree = "<group>"; };
		4E6997161D785C960073C4CB /* UITableViewCell+Identifier.swift */ = {isa = PBXFileReference; fileEncoding = 4; lastKnownFileType = sourcecode.swift; name = "UITableViewCell+Identifier.swift"; path = "Extensions/UITableViewCell+Identifier.swift"; sourceTree = "<group>"; };
		54054FA71D060A8000DDCE31 /* SettingsAboutViewController.swift */ = {isa = PBXFileReference; fileEncoding = 4; lastKnownFileType = sourcecode.swift; path = SettingsAboutViewController.swift; sourceTree = "<group>"; };
		54054FA91D0722CE00DDCE31 /* NewCardsPerDeckViewController.swift */ = {isa = PBXFileReference; fileEncoding = 4; lastKnownFileType = sourcecode.swift; path = NewCardsPerDeckViewController.swift; sourceTree = "<group>"; };
		5420A72D1C84B6F600E44523 /* Vocabuildary.app */ = {isa = PBXFileReference; explicitFileType = wrapper.application; includeInIndex = 0; path = Vocabuildary.app; sourceTree = BUILT_PRODUCTS_DIR; };
		5420A7301C84B6F600E44523 /* AppDelegate.swift */ = {isa = PBXFileReference; lastKnownFileType = sourcecode.swift; path = AppDelegate.swift; sourceTree = "<group>"; };
		5420A7371C84B6F600E44523 /* Assets.xcassets */ = {isa = PBXFileReference; lastKnownFileType = folder.assetcatalog; path = Assets.xcassets; sourceTree = "<group>"; };
		5420A73C1C84B6F600E44523 /* Info.plist */ = {isa = PBXFileReference; lastKnownFileType = text.plist.xml; path = Info.plist; sourceTree = "<group>"; };
		5429A09A1C95B3FD00A832D6 /* SettingsViewController.swift */ = {isa = PBXFileReference; fileEncoding = 4; lastKnownFileType = sourcecode.swift; path = SettingsViewController.swift; sourceTree = "<group>"; };
		5431631A1C95F6D5004D9D18 /* DecksViewController.swift */ = {isa = PBXFileReference; fileEncoding = 4; lastKnownFileType = sourcecode.swift; path = DecksViewController.swift; sourceTree = "<group>"; };
		5432AFEF1D6C4FB7007600E0 /* en */ = {isa = PBXFileReference; lastKnownFileType = file.storyboard; name = en; path = en.lproj/Main.storyboard; sourceTree = "<group>"; };
		546BC9FA1C8A2FB900B2C1AE /* LearnViewController.swift */ = {isa = PBXFileReference; fileEncoding = 4; lastKnownFileType = sourcecode.swift; path = LearnViewController.swift; sourceTree = "<group>"; };
		547DA1D51C9717FD00E68B12 /* AddDeckViewController.swift */ = {isa = PBXFileReference; fileEncoding = 4; lastKnownFileType = sourcecode.swift; path = AddDeckViewController.swift; sourceTree = "<group>"; };
		547DA1D71C9719C700E68B12 /* AddCardsDeckViewController.swift */ = {isa = PBXFileReference; fileEncoding = 4; lastKnownFileType = sourcecode.swift; path = AddCardsDeckViewController.swift; sourceTree = "<group>"; };
		547DA20D1C974D7200E68B12 /* CardsInDeckViewController.swift */ = {isa = PBXFileReference; fileEncoding = 4; lastKnownFileType = sourcecode.swift; path = CardsInDeckViewController.swift; sourceTree = "<group>"; };
		54A473ED1CB7819A00A90429 /* StatisticsViewController.swift */ = {isa = PBXFileReference; fileEncoding = 4; lastKnownFileType = sourcecode.swift; path = StatisticsViewController.swift; sourceTree = "<group>"; };
		54A473EF1CB7822400A90429 /* ChartView.swift */ = {isa = PBXFileReference; fileEncoding = 4; lastKnownFileType = sourcecode.swift; path = ChartView.swift; sourceTree = "<group>"; };
		54A473F11CB78EB100A90429 /* StatisticsDeckViewContoller.swift */ = {isa = PBXFileReference; fileEncoding = 4; lastKnownFileType = sourcecode.swift; path = StatisticsDeckViewContoller.swift; sourceTree = "<group>"; };
		54A6F7491CA4018F00D3629B /* TabBarController.swift */ = {isa = PBXFileReference; fileEncoding = 4; lastKnownFileType = sourcecode.swift; path = TabBarController.swift; sourceTree = "<group>"; };
		54B277AB1CA982FC0028725E /* addButton128@2x.png */ = {isa = PBXFileReference; lastKnownFileType = image.png; path = "addButton128@2x.png"; sourceTree = "<group>"; };
		54B277AD1CA9A8510028725E /* addButton128Dark@2x.png */ = {isa = PBXFileReference; lastKnownFileType = image.png; path = "addButton128Dark@2x.png"; sourceTree = "<group>"; };
		54D1A13E1D6DA4E300C46F29 /* GlobalVariables.swift */ = {isa = PBXFileReference; fileEncoding = 4; lastKnownFileType = sourcecode.swift; path = GlobalVariables.swift; sourceTree = "<group>"; };
		54D1A1411D6DA53000C46F29 /* CardsNumberCell.swift */ = {isa = PBXFileReference; fileEncoding = 4; lastKnownFileType = sourcecode.swift; path = CardsNumberCell.swift; sourceTree = "<group>"; };
		54D1A1421D6DA53000C46F29 /* ChartViewCell.swift */ = {isa = PBXFileReference; fileEncoding = 4; lastKnownFileType = sourcecode.swift; path = ChartViewCell.swift; sourceTree = "<group>"; };
		54D1A1431D6DA53000C46F29 /* EnterCardCell.swift */ = {isa = PBXFileReference; fileEncoding = 4; lastKnownFileType = sourcecode.swift; path = EnterCardCell.swift; sourceTree = "<group>"; };
		54D1A1441D6DA53000C46F29 /* SliderCell.swift */ = {isa = PBXFileReference; fileEncoding = 4; lastKnownFileType = sourcecode.swift; path = SliderCell.swift; sourceTree = "<group>"; };
		54D1A1451D6DA53000C46F29 /* SwitchCell.swift */ = {isa = PBXFileReference; fileEncoding = 4; lastKnownFileType = sourcecode.swift; path = SwitchCell.swift; sourceTree = "<group>"; };
		54D1A1461D6DA53000C46F29 /* TodayCell.swift */ = {isa = PBXFileReference; fileEncoding = 4; lastKnownFileType = sourcecode.swift; path = TodayCell.swift; sourceTree = "<group>"; };
		54D1A14E1D6DA55100C46F29 /* Card.swift */ = {isa = PBXFileReference; fileEncoding = 4; lastKnownFileType = sourcecode.swift; path = Card.swift; sourceTree = "<group>"; };
		54D1A14F1D6DA55100C46F29 /* Deck.swift */ = {isa = PBXFileReference; fileEncoding = 4; lastKnownFileType = sourcecode.swift; path = Deck.swift; sourceTree = "<group>"; };
		54D1A1501D6DA55100C46F29 /* DeckHistory.swift */ = {isa = PBXFileReference; fileEncoding = 4; lastKnownFileType = sourcecode.swift; path = DeckHistory.swift; sourceTree = "<group>"; };
		54D1A1511D6DA55100C46F29 /* DeckStore.swift */ = {isa = PBXFileReference; fileEncoding = 4; lastKnownFileType = sourcecode.swift; path = DeckStore.swift; sourceTree = "<group>"; };
		54D1A1561D6DA56A00C46F29 /* BeforeLearningViewController.swift */ = {isa = PBXFileReference; fileEncoding = 4; lastKnownFileType = sourcecode.swift; path = BeforeLearningViewController.swift; sourceTree = "<group>"; };
		54D1A1571D6DA56A00C46F29 /* TodayTableViewController.swift */ = {isa = PBXFileReference; fileEncoding = 4; lastKnownFileType = sourcecode.swift; path = TodayTableViewController.swift; sourceTree = "<group>"; };
		54D1A15B1D6DA59000C46F29 /* tabBarIconDecks@2x.png */ = {isa = PBXFileReference; lastKnownFileType = image.png; path = "tabBarIconDecks@2x.png"; sourceTree = "<group>"; };
		54D1A15C1D6DA59000C46F29 /* tabBarIconDecks@3x.png */ = {isa = PBXFileReference; lastKnownFileType = image.png; path = "tabBarIconDecks@3x.png"; sourceTree = "<group>"; };
		54D1A15D1D6DA59000C46F29 /* tabBarIconDecksFilled@2x.png */ = {isa = PBXFileReference; lastKnownFileType = image.png; path = "tabBarIconDecksFilled@2x.png"; sourceTree = "<group>"; };
		54D1A15E1D6DA59000C46F29 /* tabBarIconDecksFilled@3x.png */ = {isa = PBXFileReference; lastKnownFileType = image.png; path = "tabBarIconDecksFilled@3x.png"; sourceTree = "<group>"; };
		54D1A15F1D6DA59000C46F29 /* tabBarIconSettings@2x.png */ = {isa = PBXFileReference; lastKnownFileType = image.png; path = "tabBarIconSettings@2x.png"; sourceTree = "<group>"; };
		54D1A1601D6DA59000C46F29 /* tabBarIconSettings@3x.png */ = {isa = PBXFileReference; lastKnownFileType = image.png; path = "tabBarIconSettings@3x.png"; sourceTree = "<group>"; };
		54D1A1611D6DA59000C46F29 /* tabBarIconSettingsFilled@2x.png */ = {isa = PBXFileReference; lastKnownFileType = image.png; path = "tabBarIconSettingsFilled@2x.png"; sourceTree = "<group>"; };
		54D1A1621D6DA59000C46F29 /* tabBarIconSettingsFilled@3x.png */ = {isa = PBXFileReference; lastKnownFileType = image.png; path = "tabBarIconSettingsFilled@3x.png"; sourceTree = "<group>"; };
		54D1A1631D6DA59000C46F29 /* tabBarIconToday@2x.png */ = {isa = PBXFileReference; lastKnownFileType = image.png; path = "tabBarIconToday@2x.png"; sourceTree = "<group>"; };
		54D1A1641D6DA59000C46F29 /* tabBarIconToday@3x.png */ = {isa = PBXFileReference; lastKnownFileType = image.png; path = "tabBarIconToday@3x.png"; sourceTree = "<group>"; };
		54D1A1651D6DA59000C46F29 /* tabBarIconTodayFilled@2x.png */ = {isa = PBXFileReference; lastKnownFileType = image.png; path = "tabBarIconTodayFilled@2x.png"; sourceTree = "<group>"; };
		54D1A1661D6DA59000C46F29 /* tabBarIconTodayFilled@3x.png */ = {isa = PBXFileReference; lastKnownFileType = image.png; path = "tabBarIconTodayFilled@3x.png"; sourceTree = "<group>"; };
		54ED89661D1FEB6200E6CA10 /* Extensions.swift */ = {isa = PBXFileReference; fileEncoding = 4; lastKnownFileType = sourcecode.swift; path = Extensions.swift; sourceTree = "<group>"; };
		54F9DE5A1CDA3740005EBB3A /* ChangeDeckViewController.swift */ = {isa = PBXFileReference; fileEncoding = 4; lastKnownFileType = sourcecode.swift; path = ChangeDeckViewController.swift; sourceTree = "<group>"; };
		54F9DE5C1CDA6B19005EBB3A /* ChangeCardViewController.swift */ = {isa = PBXFileReference; fileEncoding = 4; lastKnownFileType = sourcecode.swift; path = ChangeCardViewController.swift; sourceTree = "<group>"; };
/* End PBXFileReference section */

/* Begin PBXFrameworksBuildPhase section */
		5420A72A1C84B6F600E44523 /* Frameworks */ = {
			isa = PBXFrameworksBuildPhase;
			buildActionMask = 2147483647;
			files = (
			);
			runOnlyForDeploymentPostprocessing = 0;
		};
/* End PBXFrameworksBuildPhase section */

/* Begin PBXGroup section */
		4E6997131D76DEB60073C4CB /* Extensions */ = {
			isa = PBXGroup;
			children = (
				4E6997141D76DEFE0073C4CB /* UIColor+AppColors.swift */,
				4E6997161D785C960073C4CB /* UITableViewCell+Identifier.swift */,
			);
			name = Extensions;
			sourceTree = "<group>";
		};
		5420A7241C84B6F600E44523 = {
			isa = PBXGroup;
			children = (
				5420A72F1C84B6F600E44523 /* Vocabuildary */,
				5420A72E1C84B6F600E44523 /* Products */,
			);
			sourceTree = "<group>";
		};
		5420A72E1C84B6F600E44523 /* Products */ = {
			isa = PBXGroup;
			children = (
				5420A72D1C84B6F600E44523 /* Vocabuildary.app */,
			);
			name = Products;
			sourceTree = "<group>";
		};
		5420A72F1C84B6F600E44523 /* Vocabuildary */ = {
			isa = PBXGroup;
			children = (
				4E6997131D76DEB60073C4CB /* Extensions */,
				54ED89661D1FEB6200E6CA10 /* Extensions.swift */,
				54D1A13E1D6DA4E300C46F29 /* GlobalVariables.swift */,
				54D1A14D1D6DA55100C46F29 /* Model */,
				54D1A1401D6DA53000C46F29 /* Cells */,
				5420A7301C84B6F600E44523 /* AppDelegate.swift */,
				54A6F7491CA4018F00D3629B /* TabBarController.swift */,
				54A473EF1CB7822400A90429 /* ChartView.swift */,
				545DEF061CC4BBE10072494E /* Today */,
				545DEF081CC4BBFC0072494E /* Decks */,
				545DEF091CC4BC2F0072494E /* Add */,
				545DEF051CC4BBD10072494E /* Statistics */,
				545DEF071CC4BBF30072494E /* Settings */,
				5432AFDD1D6C46B7007600E0 /* Main.storyboard */,
				5420A7371C84B6F600E44523 /* Assets.xcassets */,
				54D1A15A1D6DA59000C46F29 /* Icons */,
				547DA1F11C97315A00E68B12 /* tabBarIcons */,
				5420A73C1C84B6F600E44523 /* Info.plist */,
			);
			path = Vocabuildary;
			sourceTree = "<group>";
		};
		545DEF051CC4BBD10072494E /* Statistics */ = {
			isa = PBXGroup;
			children = (
				54A473ED1CB7819A00A90429 /* StatisticsViewController.swift */,
				54A473F11CB78EB100A90429 /* StatisticsDeckViewContoller.swift */,
			);
			name = Statistics;
			sourceTree = "<group>";
		};
		545DEF061CC4BBE10072494E /* Today */ = {
			isa = PBXGroup;
			children = (
				54D1A1571D6DA56A00C46F29 /* TodayTableViewController.swift */,
				54D1A1561D6DA56A00C46F29 /* BeforeLearningViewController.swift */,
				546BC9FA1C8A2FB900B2C1AE /* LearnViewController.swift */,
			);
			name = Today;
			sourceTree = "<group>";
		};
		545DEF071CC4BBF30072494E /* Settings */ = {
			isa = PBXGroup;
			children = (
				5429A09A1C95B3FD00A832D6 /* SettingsViewController.swift */,
				54054FA71D060A8000DDCE31 /* SettingsAboutViewController.swift */,
				54054FA91D0722CE00DDCE31 /* NewCardsPerDeckViewController.swift */,
			);
			name = Settings;
			sourceTree = "<group>";
		};
		545DEF081CC4BBFC0072494E /* Decks */ = {
			isa = PBXGroup;
			children = (
				5431631A1C95F6D5004D9D18 /* DecksViewController.swift */,
				547DA20D1C974D7200E68B12 /* CardsInDeckViewController.swift */,
				54F9DE5A1CDA3740005EBB3A /* ChangeDeckViewController.swift */,
				54F9DE5C1CDA6B19005EBB3A /* ChangeCardViewController.swift */,
			);
			name = Decks;
			sourceTree = "<group>";
		};
		545DEF091CC4BC2F0072494E /* Add */ = {
			isa = PBXGroup;
			children = (
				547DA1D51C9717FD00E68B12 /* AddDeckViewController.swift */,
				547DA1D71C9719C700E68B12 /* AddCardsDeckViewController.swift */,
			);
			name = Add;
			sourceTree = "<group>";
		};
		547DA1F11C97315A00E68B12 /* tabBarIcons */ = {
			isa = PBXGroup;
			children = (
				54B277AB1CA982FC0028725E /* addButton128@2x.png */,
				54B277AD1CA9A8510028725E /* addButton128Dark@2x.png */,
			);
			name = tabBarIcons;
			sourceTree = "<group>";
		};
		54D1A1401D6DA53000C46F29 /* Cells */ = {
			isa = PBXGroup;
			children = (
				54D1A1411D6DA53000C46F29 /* CardsNumberCell.swift */,
				54D1A1421D6DA53000C46F29 /* ChartViewCell.swift */,
				54D1A1431D6DA53000C46F29 /* EnterCardCell.swift */,
				54D1A1441D6DA53000C46F29 /* SliderCell.swift */,
				54D1A1451D6DA53000C46F29 /* SwitchCell.swift */,
				54D1A1461D6DA53000C46F29 /* TodayCell.swift */,
			);
			path = Cells;
			sourceTree = "<group>";
		};
		54D1A14D1D6DA55100C46F29 /* Model */ = {
			isa = PBXGroup;
			children = (
				54D1A14E1D6DA55100C46F29 /* Card.swift */,
				54D1A14F1D6DA55100C46F29 /* Deck.swift */,
				54D1A1501D6DA55100C46F29 /* DeckHistory.swift */,
				54D1A1511D6DA55100C46F29 /* DeckStore.swift */,
			);
			path = Model;
			sourceTree = "<group>";
		};
		54D1A15A1D6DA59000C46F29 /* Icons */ = {
			isa = PBXGroup;
			children = (
				54D1A15B1D6DA59000C46F29 /* tabBarIconDecks@2x.png */,
				54D1A15C1D6DA59000C46F29 /* tabBarIconDecks@3x.png */,
				54D1A15D1D6DA59000C46F29 /* tabBarIconDecksFilled@2x.png */,
				54D1A15E1D6DA59000C46F29 /* tabBarIconDecksFilled@3x.png */,
				54D1A15F1D6DA59000C46F29 /* tabBarIconSettings@2x.png */,
				54D1A1601D6DA59000C46F29 /* tabBarIconSettings@3x.png */,
				54D1A1611D6DA59000C46F29 /* tabBarIconSettingsFilled@2x.png */,
				54D1A1621D6DA59000C46F29 /* tabBarIconSettingsFilled@3x.png */,
				54D1A1631D6DA59000C46F29 /* tabBarIconToday@2x.png */,
				54D1A1641D6DA59000C46F29 /* tabBarIconToday@3x.png */,
				54D1A1651D6DA59000C46F29 /* tabBarIconTodayFilled@2x.png */,
				54D1A1661D6DA59000C46F29 /* tabBarIconTodayFilled@3x.png */,
			);
			path = Icons;
			sourceTree = "<group>";
		};
/* End PBXGroup section */

/* Begin PBXNativeTarget section */
		5420A72C1C84B6F600E44523 /* Vocabuildary */ = {
			isa = PBXNativeTarget;
			buildConfigurationList = 5420A73F1C84B6F600E44523 /* Build configuration list for PBXNativeTarget "Vocabuildary" */;
			buildPhases = (
				5420A7291C84B6F600E44523 /* Sources */,
				5420A72A1C84B6F600E44523 /* Frameworks */,
				5420A72B1C84B6F600E44523 /* Resources */,
			);
			buildRules = (
			);
			dependencies = (
			);
			name = Vocabuildary;
			productName = Vocabuildary;
			productReference = 5420A72D1C84B6F600E44523 /* Vocabuildary.app */;
			productType = "com.apple.product-type.application";
		};
/* End PBXNativeTarget section */

/* Begin PBXProject section */
		5420A7251C84B6F600E44523 /* Project object */ = {
			isa = PBXProject;
			attributes = {
				LastSwiftUpdateCheck = 0720;
				LastUpgradeCheck = 0720;
				ORGANIZATIONNAME = "Maciej Kowalski";
				TargetAttributes = {
					5420A72C1C84B6F600E44523 = {
						CreatedOnToolsVersion = 7.2;
						DevelopmentTeam = 942A7H28XF;
					};
				};
			};
			buildConfigurationList = 5420A7281C84B6F600E44523 /* Build configuration list for PBXProject "Vocabuildary" */;
			compatibilityVersion = "Xcode 3.2";
			developmentRegion = English;
			hasScannedForEncodings = 0;
			knownRegions = (
				en,
				Base,
				pl,
			);
			mainGroup = 5420A7241C84B6F600E44523;
			productRefGroup = 5420A72E1C84B6F600E44523 /* Products */;
			projectDirPath = "";
			projectRoot = "";
			targets = (
				5420A72C1C84B6F600E44523 /* Vocabuildary */,
			);
		};
/* End PBXProject section */

/* Begin PBXResourcesBuildPhase section */
		5420A72B1C84B6F600E44523 /* Resources */ = {
			isa = PBXResourcesBuildPhase;
			buildActionMask = 2147483647;
			files = (
				54D1A1721D6DA59000C46F29 /* tabBarIconTodayFilled@3x.png in Resources */,
				54D1A1691D6DA59000C46F29 /* tabBarIconDecksFilled@2x.png in Resources */,
				54D1A16B1D6DA59000C46F29 /* tabBarIconSettings@2x.png in Resources */,
				54D1A16D1D6DA59000C46F29 /* tabBarIconSettingsFilled@2x.png in Resources */,
				54D1A1701D6DA59000C46F29 /* tabBarIconToday@3x.png in Resources */,
				54D1A16C1D6DA59000C46F29 /* tabBarIconSettings@3x.png in Resources */,
				54D1A16F1D6DA59000C46F29 /* tabBarIconToday@2x.png in Resources */,
				54B277AE1CA9A8510028725E /* addButton128Dark@2x.png in Resources */,
				54B277AC1CA982FC0028725E /* addButton128@2x.png in Resources */,
				5420A7381C84B6F600E44523 /* Assets.xcassets in Resources */,
				54D1A1681D6DA59000C46F29 /* tabBarIconDecks@3x.png in Resources */,
				54D1A1671D6DA59000C46F29 /* tabBarIconDecks@2x.png in Resources */,
				5432AFDB1D6C46B7007600E0 /* Main.storyboard in Resources */,
				54D1A1711D6DA59000C46F29 /* tabBarIconTodayFilled@2x.png in Resources */,
				54D1A16E1D6DA59000C46F29 /* tabBarIconSettingsFilled@3x.png in Resources */,
				54D1A16A1D6DA59000C46F29 /* tabBarIconDecksFilled@3x.png in Resources */,
			);
			runOnlyForDeploymentPostprocessing = 0;
		};
/* End PBXResourcesBuildPhase section */

/* Begin PBXSourcesBuildPhase section */
		5420A7291C84B6F600E44523 /* Sources */ = {
			isa = PBXSourcesBuildPhase;
			buildActionMask = 2147483647;
			files = (
				54D1A14C1D6DA53000C46F29 /* TodayCell.swift in Sources */,
				5420A7311C84B6F600E44523 /* AppDelegate.swift in Sources */,
				54D1A1581D6DA56A00C46F29 /* BeforeLearningViewController.swift in Sources */,
				54A6F74A1CA4018F00D3629B /* TabBarController.swift in Sources */,
				54D1A1491D6DA53000C46F29 /* EnterCardCell.swift in Sources */,
				54F9DE5B1CDA3740005EBB3A /* ChangeDeckViewController.swift in Sources */,
				54D1A1521D6DA55100C46F29 /* Card.swift in Sources */,
				54A473F01CB7822400A90429 /* ChartView.swift in Sources */,
				54054FA81D060A8000DDCE31 /* SettingsAboutViewController.swift in Sources */,
				54D1A1531D6DA55100C46F29 /* Deck.swift in Sources */,
				546BC9FB1C8A2FB900B2C1AE /* LearnViewController.swift in Sources */,
				4E6997151D76DEFE0073C4CB /* UIColor+AppColors.swift in Sources */,
				54D1A1551D6DA55100C46F29 /* DeckStore.swift in Sources */,
				54D1A14B1D6DA53000C46F29 /* SwitchCell.swift in Sources */,
				547DA1D61C9717FD00E68B12 /* AddDeckViewController.swift in Sources */,
				54F9DE5D1CDA6B19005EBB3A /* ChangeCardViewController.swift in Sources */,
				54A473F21CB78EB100A90429 /* StatisticsDeckViewContoller.swift in Sources */,
				54D1A1591D6DA56A00C46F29 /* TodayTableViewController.swift in Sources */,
				54D1A1481D6DA53000C46F29 /* ChartViewCell.swift in Sources */,
				547DA1D81C9719C700E68B12 /* AddCardsDeckViewController.swift in Sources */,
				4E6997171D785C960073C4CB /* UITableViewCell+Identifier.swift in Sources */,
				54D1A1541D6DA55100C46F29 /* DeckHistory.swift in Sources */,
				54D1A14A1D6DA53000C46F29 /* SliderCell.swift in Sources */,
				5429A09B1C95B3FD00A832D6 /* SettingsViewController.swift in Sources */,
				54D1A1471D6DA53000C46F29 /* CardsNumberCell.swift in Sources */,
				54D1A13F1D6DA4E300C46F29 /* GlobalVariables.swift in Sources */,
				547DA20E1C974D7200E68B12 /* CardsInDeckViewController.swift in Sources */,
				5431631B1C95F6D5004D9D18 /* DecksViewController.swift in Sources */,
				54A473EE1CB7819A00A90429 /* StatisticsViewController.swift in Sources */,
				54054FAA1D0722CE00DDCE31 /* NewCardsPerDeckViewController.swift in Sources */,
				54ED89671D1FEB6200E6CA10 /* Extensions.swift in Sources */,
			);
			runOnlyForDeploymentPostprocessing = 0;
		};
/* End PBXSourcesBuildPhase section */

/* Begin PBXVariantGroup section */
		5432AFDD1D6C46B7007600E0 /* Main.storyboard */ = {
			isa = PBXVariantGroup;
			children = (
				5432AFEF1D6C4FB7007600E0 /* en */,
			);
			name = Main.storyboard;
			sourceTree = "<group>";
		};
/* End PBXVariantGroup section */

/* Begin XCBuildConfiguration section */
		5420A73D1C84B6F600E44523 /* Debug */ = {
			isa = XCBuildConfiguration;
			buildSettings = {
				ALWAYS_SEARCH_USER_PATHS = NO;
				CLANG_CXX_LANGUAGE_STANDARD = "gnu++0x";
				CLANG_CXX_LIBRARY = "libc++";
				CLANG_ENABLE_MODULES = YES;
				CLANG_ENABLE_OBJC_ARC = YES;
				CLANG_WARN_BOOL_CONVERSION = YES;
				CLANG_WARN_CONSTANT_CONVERSION = YES;
				CLANG_WARN_DIRECT_OBJC_ISA_USAGE = YES_ERROR;
				CLANG_WARN_EMPTY_BODY = YES;
				CLANG_WARN_ENUM_CONVERSION = YES;
				CLANG_WARN_INT_CONVERSION = YES;
				CLANG_WARN_OBJC_ROOT_CLASS = YES_ERROR;
				CLANG_WARN_UNREACHABLE_CODE = YES;
				CLANG_WARN__DUPLICATE_METHOD_MATCH = YES;
				"CODE_SIGN_IDENTITY[sdk=iphoneos*]" = "iPhone Developer";
				COPY_PHASE_STRIP = NO;
				DEBUG_INFORMATION_FORMAT = dwarf;
				ENABLE_STRICT_OBJC_MSGSEND = YES;
				ENABLE_TESTABILITY = YES;
				GCC_C_LANGUAGE_STANDARD = gnu99;
				GCC_DYNAMIC_NO_PIC = NO;
				GCC_NO_COMMON_BLOCKS = YES;
				GCC_OPTIMIZATION_LEVEL = 0;
				GCC_PREPROCESSOR_DEFINITIONS = (
					"DEBUG=1",
					"$(inherited)",
				);
				GCC_WARN_64_TO_32_BIT_CONVERSION = YES;
				GCC_WARN_ABOUT_RETURN_TYPE = YES_ERROR;
				GCC_WARN_UNDECLARED_SELECTOR = YES;
				GCC_WARN_UNINITIALIZED_AUTOS = YES_AGGRESSIVE;
				GCC_WARN_UNUSED_FUNCTION = YES;
				GCC_WARN_UNUSED_VARIABLE = YES;
				IPHONEOS_DEPLOYMENT_TARGET = 9.3;
				MTL_ENABLE_DEBUG_INFO = YES;
				ONLY_ACTIVE_ARCH = YES;
				SDKROOT = iphoneos;
				SWIFT_OPTIMIZATION_LEVEL = "-Onone";
			};
			name = Debug;
		};
		5420A73E1C84B6F600E44523 /* Release */ = {
			isa = XCBuildConfiguration;
			buildSettings = {
				ALWAYS_SEARCH_USER_PATHS = NO;
				CLANG_CXX_LANGUAGE_STANDARD = "gnu++0x";
				CLANG_CXX_LIBRARY = "libc++";
				CLANG_ENABLE_MODULES = YES;
				CLANG_ENABLE_OBJC_ARC = YES;
				CLANG_WARN_BOOL_CONVERSION = YES;
				CLANG_WARN_CONSTANT_CONVERSION = YES;
				CLANG_WARN_DIRECT_OBJC_ISA_USAGE = YES_ERROR;
				CLANG_WARN_EMPTY_BODY = YES;
				CLANG_WARN_ENUM_CONVERSION = YES;
				CLANG_WARN_INT_CONVERSION = YES;
				CLANG_WARN_OBJC_ROOT_CLASS = YES_ERROR;
				CLANG_WARN_UNREACHABLE_CODE = YES;
				CLANG_WARN__DUPLICATE_METHOD_MATCH = YES;
				"CODE_SIGN_IDENTITY[sdk=iphoneos*]" = "iPhone Developer";
				COPY_PHASE_STRIP = NO;
				DEBUG_INFORMATION_FORMAT = "dwarf-with-dsym";
				ENABLE_NS_ASSERTIONS = NO;
				ENABLE_STRICT_OBJC_MSGSEND = YES;
				GCC_C_LANGUAGE_STANDARD = gnu99;
				GCC_NO_COMMON_BLOCKS = YES;
				GCC_WARN_64_TO_32_BIT_CONVERSION = YES;
				GCC_WARN_ABOUT_RETURN_TYPE = YES_ERROR;
				GCC_WARN_UNDECLARED_SELECTOR = YES;
				GCC_WARN_UNINITIALIZED_AUTOS = YES_AGGRESSIVE;
				GCC_WARN_UNUSED_FUNCTION = YES;
				GCC_WARN_UNUSED_VARIABLE = YES;
				IPHONEOS_DEPLOYMENT_TARGET = 9.3;
				MTL_ENABLE_DEBUG_INFO = NO;
				SDKROOT = iphoneos;
				VALIDATE_PRODUCT = YES;
			};
			name = Release;
		};
		5420A7401C84B6F600E44523 /* Debug */ = {
			isa = XCBuildConfiguration;
			buildSettings = {
				ASSETCATALOG_COMPILER_APPICON_NAME = AppIcon;
				CODE_SIGN_IDENTITY = "iPhone Developer";
				INFOPLIST_FILE = Vocabuildary/Info.plist;
				IPHONEOS_DEPLOYMENT_TARGET = 9.3;
				LD_RUNPATH_SEARCH_PATHS = "$(inherited) @executable_path/Frameworks";
				PRODUCT_BUNDLE_IDENTIFIER = com.maciejkowalski.Vocabuildary;
				PRODUCT_NAME = "$(TARGET_NAME)";
			};
			name = Debug;
		};
		5420A7411C84B6F600E44523 /* Release */ = {
			isa = XCBuildConfiguration;
			buildSettings = {
				ASSETCATALOG_COMPILER_APPICON_NAME = AppIcon;
				CODE_SIGN_IDENTITY = "iPhone Developer";
				INFOPLIST_FILE = Vocabuildary/Info.plist;
				IPHONEOS_DEPLOYMENT_TARGET = 9.3;
				LD_RUNPATH_SEARCH_PATHS = "$(inherited) @executable_path/Frameworks";
				PRODUCT_BUNDLE_IDENTIFIER = com.maciejkowalski.Vocabuildary;
				PRODUCT_NAME = "$(TARGET_NAME)";
			};
			name = Release;
		};
/* End XCBuildConfiguration section */

/* Begin XCConfigurationList section */
		5420A7281C84B6F600E44523 /* Build configuration list for PBXProject "Vocabuildary" */ = {
			isa = XCConfigurationList;
			buildConfigurations = (
				5420A73D1C84B6F600E44523 /* Debug */,
				5420A73E1C84B6F600E44523 /* Release */,
			);
			defaultConfigurationIsVisible = 0;
			defaultConfigurationName = Debug;
		};
		5420A73F1C84B6F600E44523 /* Build configuration list for PBXNativeTarget "Vocabuildary" */ = {
			isa = XCConfigurationList;
			buildConfigurations = (
				5420A7401C84B6F600E44523 /* Debug */,
				5420A7411C84B6F600E44523 /* Release */,
			);
			defaultConfigurationIsVisible = 0;
			defaultConfigurationName = Debug;
		};
/* End XCConfigurationList section */
	};
	rootObject = 5420A7251C84B6F600E44523 /* Project object */;
}
